
Microsoft Visual Studio Solution File, Format Version 12.00
Project("{FAE04EC0-301F-11D3-BF4B-00C04F79EFBC}") = "FirstBlazorApp", "FirstBlazorApp\FirstBlazorApp.csproj", "{A57D2075-211B-4EA8-B1F6-FB11036B63DF}"
EndProject
Global
	GlobalSection(SolutionConfigurationPlatforms) = preSolution
		Debug|Any CPU = Debug|Any CPU
		Release|Any CPU = Release|Any CPU
	EndGlobalSection
	GlobalSection(ProjectConfigurationPlatforms) = postSolution
		{A57D2075-211B-4EA8-B1F6-FB11036B63DF}.Debug|Any CPU.ActiveCfg = Debug|Any CPU
		{A57D2075-211B-4EA8-B1F6-FB11036B63DF}.Debug|Any CPU.Build.0 = Debug|Any CPU
		{A57D2075-211B-4EA8-B1F6-FB11036B63DF}.Release|Any CPU.ActiveCfg = Release|Any CPU
		{A57D2075-211B-4EA8-B1F6-FB11036B63DF}.Release|Any CPU.Build.0 = Release|Any CPU
	EndGlobalSection
EndGlobal
